// !$*UTF8*$!
{
	archiveVersion = 1;
	classes = {
	};
	objectVersion = 50;
	objects = {

/* Begin PBXBuildFile section */
		D9E9FEE822294B6F00203990 /* AppDelegate.swift in Sources */ = {isa = PBXBuildFile; fileRef = D9E9FEE722294B6F00203990 /* AppDelegate.swift */; };
		D9E9FEEA22294B6F00203990 /* GameViewController.swift in Sources */ = {isa = PBXBuildFile; fileRef = D9E9FEE922294B6F00203990 /* GameViewController.swift */; };
		D9E9FEED22294B6F00203990 /* Game.storyboard in Resources */ = {isa = PBXBuildFile; fileRef = D9E9FEEB22294B6F00203990 /* Game.storyboard */; };
		D9E9FEEF22294B7000203990 /* Assets.xcassets in Resources */ = {isa = PBXBuildFile; fileRef = D9E9FEEE22294B7000203990 /* Assets.xcassets */; };
		D9E9FEF222294B7000203990 /* LaunchScreen.storyboard in Resources */ = {isa = PBXBuildFile; fileRef = D9E9FEF022294B7000203990 /* LaunchScreen.storyboard */; };
		D9E9FEFD22294B7000203990 /* millionerGBTests.swift in Sources */ = {isa = PBXBuildFile; fileRef = D9E9FEFC22294B7000203990 /* millionerGBTests.swift */; };
		D9E9FF0822294B7000203990 /* millionerGBUITests.swift in Sources */ = {isa = PBXBuildFile; fileRef = D9E9FF0722294B7000203990 /* millionerGBUITests.swift */; };
/* End PBXBuildFile section */

/* Begin PBXContainerItemProxy section */
		D9E9FEF922294B7000203990 /* PBXContainerItemProxy */ = {
			isa = PBXContainerItemProxy;
			containerPortal = D9E9FEDC22294B6F00203990 /* Project object */;
			proxyType = 1;
			remoteGlobalIDString = D9E9FEE322294B6F00203990;
			remoteInfo = millionerGB;
		};
		D9E9FF0422294B7000203990 /* PBXContainerItemProxy */ = {
			isa = PBXContainerItemProxy;
			containerPortal = D9E9FEDC22294B6F00203990 /* Project object */;
			proxyType = 1;
			remoteGlobalIDString = D9E9FEE322294B6F00203990;
			remoteInfo = millionerGB;
		};
/* End PBXContainerItemProxy section */

/* Begin PBXFileReference section */
		D9E9FEE422294B6F00203990 /* millionerGB.app */ = {isa = PBXFileReference; explicitFileType = wrapper.application; includeInIndex = 0; path = millionerGB.app; sourceTree = BUILT_PRODUCTS_DIR; };
		D9E9FEE722294B6F00203990 /* AppDelegate.swift */ = {isa = PBXFileReference; lastKnownFileType = sourcecode.swift; path = AppDelegate.swift; sourceTree = "<group>"; };
		D9E9FEE922294B6F00203990 /* GameViewController.swift */ = {isa = PBXFileReference; lastKnownFileType = sourcecode.swift; path = GameViewController.swift; sourceTree = "<group>"; };
		D9E9FEEC22294B6F00203990 /* Base */ = {isa = PBXFileReference; lastKnownFileType = file.storyboard; name = Base; path = Base.lproj/Game.storyboard; sourceTree = "<group>"; };
		D9E9FEEE22294B7000203990 /* Assets.xcassets */ = {isa = PBXFileReference; lastKnownFileType = folder.assetcatalog; path = Assets.xcassets; sourceTree = "<group>"; };
		D9E9FEF122294B7000203990 /* Base */ = {isa = PBXFileReference; lastKnownFileType = file.storyboard; name = Base; path = Base.lproj/LaunchScreen.storyboard; sourceTree = "<group>"; };
		D9E9FEF322294B7000203990 /* Info.plist */ = {isa = PBXFileReference; lastKnownFileType = text.plist.xml; path = Info.plist; sourceTree = "<group>"; };
		D9E9FEF822294B7000203990 /* millionerGBTests.xctest */ = {isa = PBXFileReference; explicitFileType = wrapper.cfbundle; includeInIndex = 0; path = millionerGBTests.xctest; sourceTree = BUILT_PRODUCTS_DIR; };
		D9E9FEFC22294B7000203990 /* millionerGBTests.swift */ = {isa = PBXFileReference; lastKnownFileType = sourcecode.swift; path = millionerGBTests.swift; sourceTree = "<group>"; };
		D9E9FEFE22294B7000203990 /* Info.plist */ = {isa = PBXFileReference; lastKnownFileType = text.plist.xml; path = Info.plist; sourceTree = "<group>"; };
		D9E9FF0322294B7000203990 /* millionerGBUITests.xctest */ = {isa = PBXFileReference; explicitFileType = wrapper.cfbundle; includeInIndex = 0; path = millionerGBUITests.xctest; sourceTree = BUILT_PRODUCTS_DIR; };
		D9E9FF0722294B7000203990 /* millionerGBUITests.swift */ = {isa = PBXFileReference; lastKnownFileType = sourcecode.swift; path = millionerGBUITests.swift; sourceTree = "<group>"; };
		D9E9FF0922294B7000203990 /* Info.plist */ = {isa = PBXFileReference; lastKnownFileType = text.plist.xml; path = Info.plist; sourceTree = "<group>"; };
/* End PBXFileReference section */

/* Begin PBXFrameworksBuildPhase section */
		D9E9FEE122294B6F00203990 /* Frameworks */ = {
			isa = PBXFrameworksBuildPhase;
			buildActionMask = 2147483647;
			files = (
			);
			runOnlyForDeploymentPostprocessing = 0;
		};
		D9E9FEF522294B7000203990 /* Frameworks */ = {
			isa = PBXFrameworksBuildPhase;
			buildActionMask = 2147483647;
			files = (
			);
			runOnlyForDeploymentPostprocessing = 0;
		};
		D9E9FF0022294B7000203990 /* Frameworks */ = {
			isa = PBXFrameworksBuildPhase;
			buildActionMask = 2147483647;
			files = (
			);
			runOnlyForDeploymentPostprocessing = 0;
		};
/* End PBXFrameworksBuildPhase section */

/* Begin PBXGroup section */
		D9E9FEDB22294B6F00203990 = {
			isa = PBXGroup;
			children = (
				D9E9FEE622294B6F00203990 /* millionerGB */,
				D9E9FEFB22294B7000203990 /* millionerGBTests */,
				D9E9FF0622294B7000203990 /* millionerGBUITests */,
				D9E9FEE522294B6F00203990 /* Products */,
			);
			sourceTree = "<group>";
		};
		D9E9FEE522294B6F00203990 /* Products */ = {
			isa = PBXGroup;
			children = (
				D9E9FEE422294B6F00203990 /* millionerGB.app */,
				D9E9FEF822294B7000203990 /* millionerGBTests.xctest */,
				D9E9FF0322294B7000203990 /* millionerGBUITests.xctest */,
			);
			name = Products;
			sourceTree = "<group>";
		};
		D9E9FEE622294B6F00203990 /* millionerGB */ = {
			isa = PBXGroup;
			children = (
				D9E9FEE722294B6F00203990 /* AppDelegate.swift */,
				D9E9FEE922294B6F00203990 /* GameViewController.swift */,
				D9E9FEEB22294B6F00203990 /* Game.storyboard */,
				D9E9FEEE22294B7000203990 /* Assets.xcassets */,
				D9E9FEF022294B7000203990 /* LaunchScreen.storyboard */,
				D9E9FEF322294B7000203990 /* Info.plist */,
			);
			path = millionerGB;
			sourceTree = "<group>";
		};
		D9E9FEFB22294B7000203990 /* millionerGBTests */ = {
			isa = PBXGroup;
			children = (
				D9E9FEFC22294B7000203990 /* millionerGBTests.swift */,
				D9E9FEFE22294B7000203990 /* Info.plist */,
			);
			path = millionerGBTests;
			sourceTree = "<group>";
		};
		D9E9FF0622294B7000203990 /* millionerGBUITests */ = {
			isa = PBXGroup;
			children = (
				D9E9FF0722294B7000203990 /* millionerGBUITests.swift */,
				D9E9FF0922294B7000203990 /* Info.plist */,
			);
			path = millionerGBUITests;
			sourceTree = "<group>";
		};
/* End PBXGroup section */

/* Begin PBXNativeTarget section */
		D9E9FEE322294B6F00203990 /* millionerGB */ = {
			isa = PBXNativeTarget;
			buildConfigurationList = D9E9FF0C22294B7000203990 /* Build configuration list for PBXNativeTarget "millionerGB" */;
			buildPhases = (
				D9E9FEE022294B6F00203990 /* Sources */,
				D9E9FEE122294B6F00203990 /* Frameworks */,
				D9E9FEE222294B6F00203990 /* Resources */,
			);
			buildRules = (
			);
			dependencies = (
			);
			name = millionerGB;
			productName = millionerGB;
			productReference = D9E9FEE422294B6F00203990 /* millionerGB.app */;
			productType = "com.apple.product-type.application";
		};
		D9E9FEF722294B7000203990 /* millionerGBTests */ = {
			isa = PBXNativeTarget;
			buildConfigurationList = D9E9FF0F22294B7000203990 /* Build configuration list for PBXNativeTarget "millionerGBTests" */;
			buildPhases = (
				D9E9FEF422294B7000203990 /* Sources */,
				D9E9FEF522294B7000203990 /* Frameworks */,
				D9E9FEF622294B7000203990 /* Resources */,
			);
			buildRules = (
			);
			dependencies = (
				D9E9FEFA22294B7000203990 /* PBXTargetDependency */,
			);
			name = millionerGBTests;
			productName = millionerGBTests;
			productReference = D9E9FEF822294B7000203990 /* millionerGBTests.xctest */;
			productType = "com.apple.product-type.bundle.unit-test";
		};
		D9E9FF0222294B7000203990 /* millionerGBUITests */ = {
			isa = PBXNativeTarget;
			buildConfigurationList = D9E9FF1222294B7000203990 /* Build configuration list for PBXNativeTarget "millionerGBUITests" */;
			buildPhases = (
				D9E9FEFF22294B7000203990 /* Sources */,
				D9E9FF0022294B7000203990 /* Frameworks */,
				D9E9FF0122294B7000203990 /* Resources */,
			);
			buildRules = (
			);
			dependencies = (
				D9E9FF0522294B7000203990 /* PBXTargetDependency */,
			);
			name = millionerGBUITests;
			productName = millionerGBUITests;
			productReference = D9E9FF0322294B7000203990 /* millionerGBUITests.xctest */;
			productType = "com.apple.product-type.bundle.ui-testing";
		};
/* End PBXNativeTarget section */

/* Begin PBXProject section */
		D9E9FEDC22294B6F00203990 /* Project object */ = {
			isa = PBXProject;
			attributes = {
				LastSwiftUpdateCheck = 1010;
				LastUpgradeCheck = 1010;
				ORGANIZATIONNAME = "Андрей Тихонов";
				TargetAttributes = {
					D9E9FEE322294B6F00203990 = {
						CreatedOnToolsVersion = 10.1;
					};
					D9E9FEF722294B7000203990 = {
						CreatedOnToolsVersion = 10.1;
						TestTargetID = D9E9FEE322294B6F00203990;
					};
					D9E9FF0222294B7000203990 = {
						CreatedOnToolsVersion = 10.1;
						TestTargetID = D9E9FEE322294B6F00203990;
					};
				};
			};
			buildConfigurationList = D9E9FEDF22294B6F00203990 /* Build configuration list for PBXProject "millionerGB" */;
			compatibilityVersion = "Xcode 9.3";
			developmentRegion = en;
			hasScannedForEncodings = 0;
			knownRegions = (
				en,
				Base,
			);
			mainGroup = D9E9FEDB22294B6F00203990;
			productRefGroup = D9E9FEE522294B6F00203990 /* Products */;
			projectDirPath = "";
			projectRoot = "";
			targets = (
				D9E9FEE322294B6F00203990 /* millionerGB */,
				D9E9FEF722294B7000203990 /* millionerGBTests */,
				D9E9FF0222294B7000203990 /* millionerGBUITests */,
			);
		};
/* End PBXProject section */

/* Begin PBXResourcesBuildPhase section */
		D9E9FEE222294B6F00203990 /* Resources */ = {
			isa = PBXResourcesBuildPhase;
			buildActionMask = 2147483647;
			files = (
				D9E9FEF222294B7000203990 /* LaunchScreen.storyboard in Resources */,
				D9E9FEEF22294B7000203990 /* Assets.xcassets in Resources */,
				D9E9FEED22294B6F00203990 /* Game.storyboard in Resources */,
			);
			runOnlyForDeploymentPostprocessing = 0;
		};
		D9E9FEF622294B7000203990 /* Resources */ = {
			isa = PBXResourcesBuildPhase;
			buildActionMask = 2147483647;
			files = (
			);
			runOnlyForDeploymentPostprocessing = 0;
		};
		D9E9FF0122294B7000203990 /* Resources */ = {
			isa = PBXResourcesBuildPhase;
			buildActionMask = 2147483647;
			files = (
			);
			runOnlyForDeploymentPostprocessing = 0;
		};
/* End PBXResourcesBuildPhase section */

/* Begin PBXSourcesBuildPhase section */
		D9E9FEE022294B6F00203990 /* Sources */ = {
			isa = PBXSourcesBuildPhase;
			buildActionMask = 2147483647;
			files = (
				D9E9FEEA22294B6F00203990 /* GameViewController.swift in Sources */,
				D9E9FEE822294B6F00203990 /* AppDelegate.swift in Sources */,
			);
			runOnlyForDeploymentPostprocessing = 0;
		};
		D9E9FEF422294B7000203990 /* Sources */ = {
			isa = PBXSourcesBuildPhase;
			buildActionMask = 2147483647;
			files = (
				D9E9FEFD22294B7000203990 /* millionerGBTests.swift in Sources */,
			);
			runOnlyForDeploymentPostprocessing = 0;
		};
		D9E9FEFF22294B7000203990 /* Sources */ = {
			isa = PBXSourcesBuildPhase;
			buildActionMask = 2147483647;
			files = (
				D9E9FF0822294B7000203990 /* millionerGBUITests.swift in Sources */,
			);
			runOnlyForDeploymentPostprocessing = 0;
		};
/* End PBXSourcesBuildPhase section */

/* Begin PBXTargetDependency section */
		D9E9FEFA22294B7000203990 /* PBXTargetDependency */ = {
			isa = PBXTargetDependency;
			target = D9E9FEE322294B6F00203990 /* millionerGB */;
			targetProxy = D9E9FEF922294B7000203990 /* PBXContainerItemProxy */;
		};
		D9E9FF0522294B7000203990 /* PBXTargetDependency */ = {
			isa = PBXTargetDependency;
			target = D9E9FEE322294B6F00203990 /* millionerGB */;
			targetProxy = D9E9FF0422294B7000203990 /* PBXContainerItemProxy */;
		};
/* End PBXTargetDependency section */

/* Begin PBXVariantGroup section */
		D9E9FEEB22294B6F00203990 /* Game.storyboard */ = {
			isa = PBXVariantGroup;
			children = (
				D9E9FEEC22294B6F00203990 /* Base */,
			);
			name = Game.storyboard;
			sourceTree = "<group>";
		};
		D9E9FEF022294B7000203990 /* LaunchScreen.storyboard */ = {
			isa = PBXVariantGroup;
			children = (
				D9E9FEF122294B7000203990 /* Base */,
			);
			name = LaunchScreen.storyboard;
			sourceTree = "<group>";
		};
/* End PBXVariantGroup section */

/* Begin XCBuildConfiguration section */
		D9E9FF0A22294B7000203990 /* Debug */ = {
			isa = XCBuildConfiguration;
			buildSettings = {
				ALWAYS_SEARCH_USER_PATHS = NO;
				CLANG_ANALYZER_NONNULL = YES;
				CLANG_ANALYZER_NUMBER_OBJECT_CONVERSION = YES_AGGRESSIVE;
				CLANG_CXX_LANGUAGE_STANDARD = "gnu++14";
				CLANG_CXX_LIBRARY = "libc++";
				CLANG_ENABLE_MODULES = YES;
				CLANG_ENABLE_OBJC_ARC = YES;
				CLANG_ENABLE_OBJC_WEAK = YES;
				CLANG_WARN_BLOCK_CAPTURE_AUTORELEASING = YES;
				CLANG_WARN_BOOL_CONVERSION = YES;
				CLANG_WARN_COMMA = YES;
				CLANG_WARN_CONSTANT_CONVERSION = YES;
				CLANG_WARN_DEPRECATED_OBJC_IMPLEMENTATIONS = YES;
				CLANG_WARN_DIRECT_OBJC_ISA_USAGE = YES_ERROR;
				CLANG_WARN_DOCUMENTATION_COMMENTS = YES;
				CLANG_WARN_EMPTY_BODY = YES;
				CLANG_WARN_ENUM_CONVERSION = YES;
				CLANG_WARN_INFINITE_RECURSION = YES;
				CLANG_WARN_INT_CONVERSION = YES;
				CLANG_WARN_NON_LITERAL_NULL_CONVERSION = YES;
				CLANG_WARN_OBJC_IMPLICIT_RETAIN_SELF = YES;
				CLANG_WARN_OBJC_LITERAL_CONVERSION = YES;
				CLANG_WARN_OBJC_ROOT_CLASS = YES_ERROR;
				CLANG_WARN_RANGE_LOOP_ANALYSIS = YES;
				CLANG_WARN_STRICT_PROTOTYPES = YES;
				CLANG_WARN_SUSPICIOUS_MOVE = YES;
				CLANG_WARN_UNGUARDED_AVAILABILITY = YES_AGGRESSIVE;
				CLANG_WARN_UNREACHABLE_CODE = YES;
				CLANG_WARN__DUPLICATE_METHOD_MATCH = YES;
				CODE_SIGN_IDENTITY = "iPhone Developer";
				COPY_PHASE_STRIP = NO;
				DEBUG_INFORMATION_FORMAT = dwarf;
				ENABLE_STRICT_OBJC_MSGSEND = YES;
				ENABLE_TESTABILITY = YES;
				GCC_C_LANGUAGE_STANDARD = gnu11;
				GCC_DYNAMIC_NO_PIC = NO;
				GCC_NO_COMMON_BLOCKS = YES;
				GCC_OPTIMIZATION_LEVEL = 0;
				GCC_PREPROCESSOR_DEFINITIONS = (
					"DEBUG=1",
					"$(inherited)",
				);
				GCC_WARN_64_TO_32_BIT_CONVERSION = YES;
				GCC_WARN_ABOUT_RETURN_TYPE = YES_ERROR;
				GCC_WARN_UNDECLARED_SELECTOR = YES;
				GCC_WARN_UNINITIALIZED_AUTOS = YES_AGGRESSIVE;
				GCC_WARN_UNUSED_FUNCTION = YES;
				GCC_WARN_UNUSED_VARIABLE = YES;
				IPHONEOS_DEPLOYMENT_TARGET = 12.1;
				MTL_ENABLE_DEBUG_INFO = INCLUDE_SOURCE;
				MTL_FAST_MATH = YES;
				ONLY_ACTIVE_ARCH = YES;
				SDKROOT = iphoneos;
				SWIFT_ACTIVE_COMPILATION_CONDITIONS = DEBUG;
				SWIFT_OPTIMIZATION_LEVEL = "-Onone";
			};
			name = Debug;
		};
		D9E9FF0B22294B7000203990 /* Release */ = {
			isa = XCBuildConfiguration;
			buildSettings = {
				ALWAYS_SEARCH_USER_PATHS = NO;
				CLANG_ANALYZER_NONNULL = YES;
				CLANG_ANALYZER_NUMBER_OBJECT_CONVERSION = YES_AGGRESSIVE;
				CLANG_CXX_LANGUAGE_STANDARD = "gnu++14";
				CLANG_CXX_LIBRARY = "libc++";
				CLANG_ENABLE_MODULES = YES;
				CLANG_ENABLE_OBJC_ARC = YES;
				CLANG_ENABLE_OBJC_WEAK = YES;
				CLANG_WARN_BLOCK_CAPTURE_AUTORELEASING = YES;
				CLANG_WARN_BOOL_CONVERSION = YES;
				CLANG_WARN_COMMA = YES;
				CLANG_WARN_CONSTANT_CONVERSION = YES;
				CLANG_WARN_DEPRECATED_OBJC_IMPLEMENTATIONS = YES;
				CLANG_WARN_DIRECT_OBJC_ISA_USAGE = YES_ERROR;
				CLANG_WARN_DOCUMENTATION_COMMENTS = YES;
				CLANG_WARN_EMPTY_BODY = YES;
				CLANG_WARN_ENUM_CONVERSION = YES;
				CLANG_WARN_INFINITE_RECURSION = YES;
				CLANG_WARN_INT_CONVERSION = YES;
				CLANG_WARN_NON_LITERAL_NULL_CONVERSION = YES;
				CLANG_WARN_OBJC_IMPLICIT_RETAIN_SELF = YES;
				CLANG_WARN_OBJC_LITERAL_CONVERSION = YES;
				CLANG_WARN_OBJC_ROOT_CLASS = YES_ERROR;
				CLANG_WARN_RANGE_LOOP_ANALYSIS = YES;
				CLANG_WARN_STRICT_PROTOTYPES = YES;
				CLANG_WARN_SUSPICIOUS_MOVE = YES;
				CLANG_WARN_UNGUARDED_AVAILABILITY = YES_AGGRESSIVE;
				CLANG_WARN_UNREACHABLE_CODE = YES;
				CLANG_WARN__DUPLICATE_METHOD_MATCH = YES;
				CODE_SIGN_IDENTITY = "iPhone Developer";
				COPY_PHASE_STRIP = NO;
				DEBUG_INFORMATION_FORMAT = "dwarf-with-dsym";
				ENABLE_NS_ASSERTIONS = NO;
				ENABLE_STRICT_OBJC_MSGSEND = YES;
				GCC_C_LANGUAGE_STANDARD = gnu11;
				GCC_NO_COMMON_BLOCKS = YES;
				GCC_WARN_64_TO_32_BIT_CONVERSION = YES;
				GCC_WARN_ABOUT_RETURN_TYPE = YES_ERROR;
				GCC_WARN_UNDECLARED_SELECTOR = YES;
				GCC_WARN_UNINITIALIZED_AUTOS = YES_AGGRESSIVE;
				GCC_WARN_UNUSED_FUNCTION = YES;
				GCC_WARN_UNUSED_VARIABLE = YES;
				IPHONEOS_DEPLOYMENT_TARGET = 12.1;
				MTL_ENABLE_DEBUG_INFO = NO;
				MTL_FAST_MATH = YES;
				SDKROOT = iphoneos;
				SWIFT_COMPILATION_MODE = wholemodule;
				SWIFT_OPTIMIZATION_LEVEL = "-O";
				VALIDATE_PRODUCT = YES;
			};
			name = Release;
		};
		D9E9FF0D22294B7000203990 /* Debug */ = {
			isa = XCBuildConfiguration;
			buildSettings = {
				ASSETCATALOG_COMPILER_APPICON_NAME = AppIcon;
				CODE_SIGN_STYLE = Automatic;
				DEVELOPMENT_TEAM = JMRB5NH85H;
				INFOPLIST_FILE = millionerGB/Info.plist;
				LD_RUNPATH_SEARCH_PATHS = (
					"$(inherited)",
					"@executable_path/Frameworks",
				);
				PRODUCT_BUNDLE_IDENTIFIER = pixeltron.org.millionerGB;
				PRODUCT_NAME = "$(TARGET_NAME)";
				SWIFT_VERSION = 4.2;
				TARGETED_DEVICE_FAMILY = "1,2";
			};
			name = Debug;
		};
		D9E9FF0E22294B7000203990 /* Release */ = {
			isa = XCBuildConfiguration;
			buildSettings = {
				ASSETCATALOG_COMPILER_APPICON_NAME = AppIcon;
				CODE_SIGN_STYLE = Automatic;
				DEVELOPMENT_TEAM = JMRB5NH85H;
				INFOPLIST_FILE = millionerGB/Info.plist;
				LD_RUNPATH_SEARCH_PATHS = (
					"$(inherited)",
					"@executable_path/Frameworks",
				);
				PRODUCT_BUNDLE_IDENTIFIER = pixeltron.org.millionerGB;
				PRODUCT_NAME = "$(TARGET_NAME)";
				SWIFT_VERSION = 4.2;
				TARGETED_DEVICE_FAMILY = "1,2";
			};
			name = Release;
		};
		D9E9FF1022294B7000203990 /* Debug */ = {
			isa = XCBuildConfiguration;
			buildSettings = {
				ALWAYS_EMBED_SWIFT_STANDARD_LIBRARIES = YES;
				BUNDLE_LOADER = "$(TEST_HOST)";
				CODE_SIGN_STYLE = Automatic;
				DEVELOPMENT_TEAM = JMRB5NH85H;
				INFOPLIST_FILE = millionerGBTests/Info.plist;
				LD_RUNPATH_SEARCH_PATHS = (
					"$(inherited)",
					"@executable_path/Frameworks",
					"@loader_path/Frameworks",
				);
				PRODUCT_BUNDLE_IDENTIFIER = pixeltron.org.millionerGBTests;
				PRODUCT_NAME = "$(TARGET_NAME)";
				SWIFT_VERSION = 4.2;
				TARGETED_DEVICE_FAMILY = "1,2";
				TEST_HOST = "$(BUILT_PRODUCTS_DIR)/millionerGB.app/millionerGB";
			};
			name = Debug;
		};
		D9E9FF1122294B7000203990 /* Release */ = {
			isa = XCBuildConfiguration;
			buildSettings = {
				ALWAYS_EMBED_SWIFT_STANDARD_LIBRARIES = YES;
				BUNDLE_LOADER = "$(TEST_HOST)";
				CODE_SIGN_STYLE = Automatic;
				DEVELOPMENT_TEAM = JMRB5NH85H;
				INFOPLIST_FILE = millionerGBTests/Info.plist;
				LD_RUNPATH_SEARCH_PATHS = (
					"$(inherited)",
					"@executable_path/Frameworks",
					"@loader_path/Frameworks",
				);
				PRODUCT_BUNDLE_IDENTIFIER = pixeltron.org.millionerGBTests;
				PRODUCT_NAME = "$(TARGET_NAME)";
				SWIFT_VERSION = 4.2;
				TARGETED_DEVICE_FAMILY = "1,2";
				TEST_HOST = "$(BUILT_PRODUCTS_DIR)/millionerGB.app/millionerGB";
			};
			name = Release;
		};
		D9E9FF1322294B7000203990 /* Debug */ = {
			isa = XCBuildConfiguration;
			buildSettings = {
				ALWAYS_EMBED_SWIFT_STANDARD_LIBRARIES = YES;
				CODE_SIGN_STYLE = Automatic;
				DEVELOPMENT_TEAM = JMRB5NH85H;
				INFOPLIST_FILE = millionerGBUITests/Info.plist;
				LD_RUNPATH_SEARCH_PATHS = (
					"$(inherited)",
					"@executable_path/Frameworks",
					"@loader_path/Frameworks",
				);
				PRODUCT_BUNDLE_IDENTIFIER = pixeltron.org.millionerGBUITests;
				PRODUCT_NAME = "$(TARGET_NAME)";
				SWIFT_VERSION = 4.2;
				TARGETED_DEVICE_FAMILY = "1,2";
				TEST_TARGET_NAME = millionerGB;
			};
			name = Debug;
		};
		D9E9FF1422294B7000203990 /* Release */ = {
			isa = XCBuildConfiguration;
			buildSettings = {
				ALWAYS_EMBED_SWIFT_STANDARD_LIBRARIES = YES;
				CODE_SIGN_STYLE = Automatic;
				DEVELOPMENT_TEAM = JMRB5NH85H;
				INFOPLIST_FILE = millionerGBUITests/Info.plist;
				LD_RUNPATH_SEARCH_PATHS = (
					"$(inherited)",
					"@executable_path/Frameworks",
					"@loader_path/Frameworks",
				);
				PRODUCT_BUNDLE_IDENTIFIER = pixeltron.org.millionerGBUITests;
				PRODUCT_NAME = "$(TARGET_NAME)";
				SWIFT_VERSION = 4.2;
				TARGETED_DEVICE_FAMILY = "1,2";
				TEST_TARGET_NAME = millionerGB;
			};
			name = Release;
		};
/* End XCBuildConfiguration section */

/* Begin XCConfigurationList section */
		D9E9FEDF22294B6F00203990 /* Build configuration list for PBXProject "millionerGB" */ = {
			isa = XCConfigurationList;
			buildConfigurations = (
				D9E9FF0A22294B7000203990 /* Debug */,
				D9E9FF0B22294B7000203990 /* Release */,
			);
			defaultConfigurationIsVisible = 0;
			defaultConfigurationName = Release;
		};
		D9E9FF0C22294B7000203990 /* Build configuration list for PBXNativeTarget "millionerGB" */ = {
			isa = XCConfigurationList;
			buildConfigurations = (
				D9E9FF0D22294B7000203990 /* Debug */,
				D9E9FF0E22294B7000203990 /* Release */,
			);
			defaultConfigurationIsVisible = 0;
			defaultConfigurationName = Release;
		};
		D9E9FF0F22294B7000203990 /* Build configuration list for PBXNativeTarget "millionerGBTests" */ = {
			isa = XCConfigurationList;
			buildConfigurations = (
				D9E9FF1022294B7000203990 /* Debug */,
				D9E9FF1122294B7000203990 /* Release */,
			);
			defaultConfigurationIsVisible = 0;
			defaultConfigurationName = Release;
		};
		D9E9FF1222294B7000203990 /* Build configuration list for PBXNativeTarget "millionerGBUITests" */ = {
			isa = XCConfigurationList;
			buildConfigurations = (
				D9E9FF1322294B7000203990 /* Debug */,
				D9E9FF1422294B7000203990 /* Release */,
			);
			defaultConfigurationIsVisible = 0;
			defaultConfigurationName = Release;
		};
/* End XCConfigurationList section */
	};
	rootObject = D9E9FEDC22294B6F00203990 /* Project object */;
}
